
Microsoft Visual Studio Solution File, Format Version 12.00
# Visual Studio 15
VisualStudioVersion = 15.0.26124.0
MinimumVisualStudioVersion = 15.0.26124.0
Project("{FAE04EC0-301F-11D3-BF4B-00C04F79EFBC}") = "MarsRoverKata.Domain", "MarsRoverKata.Domain\MarsRoverKata.Domain.csproj", "{0528B6D1-9D62-4494-AB72-0AA539DE0FE8}"
EndProject
Project("{FAE04EC0-301F-11D3-BF4B-00C04F79EFBC}") = "MarsRoverKata.Application", "MarsRoverKata.Application\MarsRoverKata.Application.csproj", "{4914AAA9-1E6F-463D-B190-C727E16A9871}"
EndProject
Project("{FAE04EC0-301F-11D3-BF4B-00C04F79EFBC}") = "MarsRoverKata.Test", "MarsRoverKata.Test\MarsRoverKata.Test.csproj", "{13697993-44FE-492B-87EF-79FBC05D7E78}"
EndProject
Project("{2150E333-8FDC-42A3-9474-1A3956D46DE8}") = "Solution Items", "Solution Items", "{6FBFB2A1-3ECA-4D6E-A55B-F8197D48CE44}"
	ProjectSection(SolutionItems) = preProject
		README.md = README.md
	EndProjectSection
EndProject
Global
	GlobalSection(SolutionConfigurationPlatforms) = preSolution
		Debug|Any CPU = Debug|Any CPU
		Debug|x64 = Debug|x64
		Debug|x86 = Debug|x86
		Release|Any CPU = Release|Any CPU
		Release|x64 = Release|x64
		Release|x86 = Release|x86
	EndGlobalSection
	GlobalSection(SolutionProperties) = preSolution
		HideSolutionNode = FALSE
	EndGlobalSection
	GlobalSection(ProjectConfigurationPlatforms) = postSolution
		{0528B6D1-9D62-4494-AB72-0AA539DE0FE8}.Debug|Any CPU.ActiveCfg = Debug|Any CPU
		{0528B6D1-9D62-4494-AB72-0AA539DE0FE8}.Debug|Any CPU.Build.0 = Debug|Any CPU
		{0528B6D1-9D62-4494-AB72-0AA539DE0FE8}.Debug|x64.ActiveCfg = Debug|Any CPU
		{0528B6D1-9D62-4494-AB72-0AA539DE0FE8}.Debug|x64.Build.0 = Debug|Any CPU
		{0528B6D1-9D62-4494-AB72-0AA539DE0FE8}.Debug|x86.ActiveCfg = Debug|Any CPU
		{0528B6D1-9D62-4494-AB72-0AA539DE0FE8}.Debug|x86.Build.0 = Debug|Any CPU
		{0528B6D1-9D62-4494-AB72-0AA539DE0FE8}.Release|Any CPU.ActiveCfg = Release|Any CPU
		{0528B6D1-9D62-4494-AB72-0AA539DE0FE8}.Release|Any CPU.Build.0 = Release|Any CPU
		{0528B6D1-9D62-4494-AB72-0AA539DE0FE8}.Release|x64.ActiveCfg = Release|Any CPU
		{0528B6D1-9D62-4494-AB72-0AA539DE0FE8}.Release|x64.Build.0 = Release|Any CPU
		{0528B6D1-9D62-4494-AB72-0AA539DE0FE8}.Release|x86.ActiveCfg = Release|Any CPU
		{0528B6D1-9D62-4494-AB72-0AA539DE0FE8}.Release|x86.Build.0 = Release|Any CPU
		{4914AAA9-1E6F-463D-B190-C727E16A9871}.Debug|Any CPU.ActiveCfg = Debug|Any CPU
		{4914AAA9-1E6F-463D-B190-C727E16A9871}.Debug|Any CPU.Build.0 = Debug|Any CPU
		{4914AAA9-1E6F-463D-B190-C727E16A9871}.Debug|x64.ActiveCfg = Debug|Any CPU
		{4914AAA9-1E6F-463D-B190-C727E16A9871}.Debug|x64.Build.0 = Debug|Any CPU
		{4914AAA9-1E6F-463D-B190-C727E16A9871}.Debug|x86.ActiveCfg = Debug|Any CPU
		{4914AAA9-1E6F-463D-B190-C727E16A9871}.Debug|x86.Build.0 = Debug|Any CPU
		{4914AAA9-1E6F-463D-B190-C727E16A9871}.Release|Any CPU.ActiveCfg = Release|Any CPU
		{4914AAA9-1E6F-463D-B190-C727E16A9871}.Release|Any CPU.Build.0 = Release|Any CPU
		{4914AAA9-1E6F-463D-B190-C727E16A9871}.Release|x64.ActiveCfg = Release|Any CPU
		{4914AAA9-1E6F-463D-B190-C727E16A9871}.Release|x64.Build.0 = Release|Any CPU
		{4914AAA9-1E6F-463D-B190-C727E16A9871}.Release|x86.ActiveCfg = Release|Any CPU
		{4914AAA9-1E6F-463D-B190-C727E16A9871}.Release|x86.Build.0 = Release|Any CPU
		{13697993-44FE-492B-87EF-79FBC05D7E78}.Debug|Any CPU.ActiveCfg = Debug|Any CPU
		{13697993-44FE-492B-87EF-79FBC05D7E78}.Debug|Any CPU.Build.0 = Debug|Any CPU
		{13697993-44FE-492B-87EF-79FBC05D7E78}.Debug|x64.ActiveCfg = Debug|Any CPU
		{13697993-44FE-492B-87EF-79FBC05D7E78}.Debug|x64.Build.0 = Debug|Any CPU
		{13697993-44FE-492B-87EF-79FBC05D7E78}.Debug|x86.ActiveCfg = Debug|Any CPU
		{13697993-44FE-492B-87EF-79FBC05D7E78}.Debug|x86.Build.0 = Debug|Any CPU
		{13697993-44FE-492B-87EF-79FBC05D7E78}.Release|Any CPU.ActiveCfg = Release|Any CPU
		{13697993-44FE-492B-87EF-79FBC05D7E78}.Release|Any CPU.Build.0 = Release|Any CPU
		{13697993-44FE-492B-87EF-79FBC05D7E78}.Release|x64.ActiveCfg = Release|Any CPU
		{13697993-44FE-492B-87EF-79FBC05D7E78}.Release|x64.Build.0 = Release|Any CPU
		{13697993-44FE-492B-87EF-79FBC05D7E78}.Release|x86.ActiveCfg = Release|Any CPU
		{13697993-44FE-492B-87EF-79FBC05D7E78}.Release|x86.Build.0 = Release|Any CPU
	EndGlobalSection
EndGlobal
